
Microsoft Visual Studio Solution File, Format Version 12.00
# Visual Studio Version 17
VisualStudioVersion = 17.0.31903.59
MinimumVisualStudioVersion = 10.0.40219.1
Project("{FAE04EC0-301F-11D3-BF4B-00C04F79EFBC}") = "Soma", "Soma\Soma.csproj", "{A14C0FBB-5B2C-44B0-A859-95A52FBB242B}"
EndProject
Project("{FAE04EC0-301F-11D3-BF4B-00C04F79EFBC}") = "SomaTest", "SomaTest\SomaTest.csproj", "{E4D2026A-C896-4F73-9774-AA6E88B7E899}"
EndProject
Global
	GlobalSection(SolutionConfigurationPlatforms) = preSolution
		Debug|Any CPU = Debug|Any CPU
		Release|Any CPU = Release|Any CPU
	EndGlobalSection
	GlobalSection(SolutionProperties) = preSolution
		HideSolutionNode = FALSE
	EndGlobalSection
	GlobalSection(ProjectConfigurationPlatforms) = postSolution
		{A14C0FBB-5B2C-44B0-A859-95A52FBB242B}.Debug|Any CPU.ActiveCfg = Debug|Any CPU
		{A14C0FBB-5B2C-44B0-A859-95A52FBB242B}.Debug|Any CPU.Build.0 = Debug|Any CPU
		{A14C0FBB-5B2C-44B0-A859-95A52FBB242B}.Release|Any CPU.ActiveCfg = Release|Any CPU
		{A14C0FBB-5B2C-44B0-A859-95A52FBB242B}.Release|Any CPU.Build.0 = Release|Any CPU
		{E4D2026A-C896-4F73-9774-AA6E88B7E899}.Debug|Any CPU.ActiveCfg = Debug|Any CPU
		{E4D2026A-C896-4F73-9774-AA6E88B7E899}.Debug|Any CPU.Build.0 = Debug|Any CPU
		{E4D2026A-C896-4F73-9774-AA6E88B7E899}.Release|Any CPU.ActiveCfg = Release|Any CPU
		{E4D2026A-C896-4F73-9774-AA6E88B7E899}.Release|Any CPU.Build.0 = Release|Any CPU
	EndGlobalSection
EndGlobal
